
Microsoft Visual Studio Solution File, Format Version 12.00
# Visual Studio 2012
Project("{FAE04EC0-301F-11D3-BF4B-00C04F79EFBC}") = "iQuranAccess.GitHub", "iQuranAccess.GitHub.csproj", "{6C181354-20D2-4ABC-BDFD-54CF562476FF}"
EndProject
Project("{2150E333-8FDC-42A3-9474-1A3956D46DE8}") = "AccessQuran Projects", "AccessQuran Projects", "{650A1508-A6AE-4EDD-B218-B4BD189F1DE5}"
EndProject
Project("{FAE04EC0-301F-11D3-BF4B-00C04F79EFBC}") = "iQuran.Data.MSSQL", "AccessQuran Projects\iQuran.Data.MSSQL\iQuran.Data.MSSQL.csproj", "{015DA6DA-066C-4868-828B-5622E2E0EEB2}"
EndProject
Project("{FAE04EC0-301F-11D3-BF4B-00C04F79EFBC}") = "iQuran.Business", "AccessQuran Projects\iQuran.Business\iQuran.Business.csproj", "{B65BFD6B-FDF9-4CA1-ADDF-73EE5072B7D0}"
EndProject
Project("{FAE04EC0-301F-11D3-BF4B-00C04F79EFBC}") = "iQuran.Features.UI", "AccessQuran Projects\iQuran.Features.UI\iQuran.Features.UI.csproj", "{1F2270CE-2B6F-41EA-AEC8-41CBCE25E30D}"
EndProject
Project("{2150E333-8FDC-42A3-9474-1A3956D46DE8}") = "MojoPortal", "MojoPortal", "{0DB7A68C-93C8-4EAE-BD17-732914B3D48F}"
EndProject
Project("{FAE04EC0-301F-11D3-BF4B-00C04F79EFBC}") = "mojoPortal.Data.MSSQL", "..\MojoPortal\mojoPortal.Data.MSSQL\mojoPortal.Data.MSSQL.csproj", "{6DDFE292-37AA-4A02-B2F0-BA7968A026EF}"
EndProject
Project("{FAE04EC0-301F-11D3-BF4B-00C04F79EFBC}") = "mojoPortal.Features.Data.MSSQL", "..\MojoPortal\mojoPortal.Features.Data.MSSQL\mojoPortal.Features.Data.MSSQL.csproj", "{2FB266B5-97F0-42EB-9F42-B6A7DE749D29}"
EndProject
Project("{FAE04EC0-301F-11D3-BF4B-00C04F79EFBC}") = "mojoPortal.Business", "..\MojoPortal\mojoPortal.Business\mojoPortal.Business.csproj", "{8582D51E-126B-4D64-B080-07AD8245B38F}"
EndProject
Project("{FAE04EC0-301F-11D3-BF4B-00C04F79EFBC}") = "mojoPortal.Business.WebHelpers", "..\MojoPortal\mojoPortal.Business.WebHelpers\mojoPortal.Business.WebHelpers.csproj", "{4EAD30EC-4F97-4F38-8530-1B7EDDB8FC8E}"
EndProject
Project("{FAE04EC0-301F-11D3-BF4B-00C04F79EFBC}") = "mojoPortal.Features.Business", "..\MojoPortal\mojoPortal.Features.Business\mojoPortal.Features.Business.csproj", "{65849992-8F44-4480-9494-1CA0D6325795}"
EndProject
Project("{FAE04EC0-301F-11D3-BF4B-00C04F79EFBC}") = "mojoPortal.Net", "..\MojoPortal\mojoPortal.Net\mojoPortal.Net.csproj", "{30916752-1A97-49CA-95D6-81A5F784EEB5}"
EndProject
Project("{FAE04EC0-301F-11D3-BF4B-00C04F79EFBC}") = "mojoPortal.Web.Framework", "..\MojoPortal\mojoPortal.Web.Framework\mojoPortal.Web.Framework.csproj", "{E0D12031-BFDD-4069-9024-8B00A2AA6DBC}"
EndProject
Project("{FAE04EC0-301F-11D3-BF4B-00C04F79EFBC}") = "mojoPortal.Web.Editor", "..\MojoPortal\mojoPortal.Web.Editor\mojoPortal.Web.Editor.csproj", "{4F6DDA2C-C9B8-45B2-AADA-3FF922317661}"
EndProject
Project("{FAE04EC0-301F-11D3-BF4B-00C04F79EFBC}") = "mojoPortal.Web.Controls", "..\MojoPortal\mojoPortal.Web.Controls\mojoPortal.Web.Controls.csproj", "{A2DCD1E2-A5C3-4E37-A5F2-093659BC1C38}"
EndProject
Project("{FAE04EC0-301F-11D3-BF4B-00C04F79EFBC}") = "mojoPortal.Features.UI", "..\MojoPortal\mojoPortal.Features.UI\mojoPortal.Features.UI.csproj", "{103F2B02-3224-48BC-B173-1F7E1C85178A}"
EndProject
Project("{FAE04EC0-301F-11D3-BF4B-00C04F79EFBC}") = "mojoPortal.Web", "..\MojoPortal\Web\mojoPortal.Web.csproj", "{8E511D65-4779-4689-82D4-811D3FE6866E}"
EndProject
Global
	GlobalSection(SolutionConfigurationPlatforms) = preSolution
		Debug - Firebird|Any CPU = Debug - Firebird|Any CPU
		Debug - MySql|Any CPU = Debug - MySql|Any CPU
		Debug - pgsql|Any CPU = Debug - pgsql|Any CPU
		Debug - SqlCe|Any CPU = Debug - SqlCe|Any CPU
		Debug - SQLite|Any CPU = Debug - SQLite|Any CPU
		Debug|Any CPU = Debug|Any CPU
		Release - Firebird|Any CPU = Release - Firebird|Any CPU
		Release - MySql|Any CPU = Release - MySql|Any CPU
		Release - pgsql|Any CPU = Release - pgsql|Any CPU
		Release - SqlCe|Any CPU = Release - SqlCe|Any CPU
		Release - SQLite|Any CPU = Release - SQLite|Any CPU
		Release|Any CPU = Release|Any CPU
	EndGlobalSection
	GlobalSection(ProjectConfigurationPlatforms) = postSolution
		{6C181354-20D2-4ABC-BDFD-54CF562476FF}.Debug - Firebird|Any CPU.ActiveCfg = Debug|Any CPU
		{6C181354-20D2-4ABC-BDFD-54CF562476FF}.Debug - Firebird|Any CPU.Build.0 = Debug|Any CPU
		{6C181354-20D2-4ABC-BDFD-54CF562476FF}.Debug - MySql|Any CPU.ActiveCfg = Debug|Any CPU
		{6C181354-20D2-4ABC-BDFD-54CF562476FF}.Debug - MySql|Any CPU.Build.0 = Debug|Any CPU
		{6C181354-20D2-4ABC-BDFD-54CF562476FF}.Debug - pgsql|Any CPU.ActiveCfg = Debug|Any CPU
		{6C181354-20D2-4ABC-BDFD-54CF562476FF}.Debug - pgsql|Any CPU.Build.0 = Debug|Any CPU
		{6C181354-20D2-4ABC-BDFD-54CF562476FF}.Debug - SqlCe|Any CPU.ActiveCfg = Debug|Any CPU
		{6C181354-20D2-4ABC-BDFD-54CF562476FF}.Debug - SqlCe|Any CPU.Build.0 = Debug|Any CPU
		{6C181354-20D2-4ABC-BDFD-54CF562476FF}.Debug - SQLite|Any CPU.ActiveCfg = Debug|Any CPU
		{6C181354-20D2-4ABC-BDFD-54CF562476FF}.Debug - SQLite|Any CPU.Build.0 = Debug|Any CPU
		{6C181354-20D2-4ABC-BDFD-54CF562476FF}.Debug|Any CPU.ActiveCfg = Debug|Any CPU
		{6C181354-20D2-4ABC-BDFD-54CF562476FF}.Debug|Any CPU.Build.0 = Debug|Any CPU
		{6C181354-20D2-4ABC-BDFD-54CF562476FF}.Release - Firebird|Any CPU.ActiveCfg = Release|Any CPU
		{6C181354-20D2-4ABC-BDFD-54CF562476FF}.Release - Firebird|Any CPU.Build.0 = Release|Any CPU
		{6C181354-20D2-4ABC-BDFD-54CF562476FF}.Release - MySql|Any CPU.ActiveCfg = Release|Any CPU
		{6C181354-20D2-4ABC-BDFD-54CF562476FF}.Release - MySql|Any CPU.Build.0 = Release|Any CPU
		{6C181354-20D2-4ABC-BDFD-54CF562476FF}.Release - pgsql|Any CPU.ActiveCfg = Release|Any CPU
		{6C181354-20D2-4ABC-BDFD-54CF562476FF}.Release - pgsql|Any CPU.Build.0 = Release|Any CPU
		{6C181354-20D2-4ABC-BDFD-54CF562476FF}.Release - SqlCe|Any CPU.ActiveCfg = Release|Any CPU
		{6C181354-20D2-4ABC-BDFD-54CF562476FF}.Release - SqlCe|Any CPU.Build.0 = Release|Any CPU
		{6C181354-20D2-4ABC-BDFD-54CF562476FF}.Release - SQLite|Any CPU.ActiveCfg = Release|Any CPU
		{6C181354-20D2-4ABC-BDFD-54CF562476FF}.Release - SQLite|Any CPU.Build.0 = Release|Any CPU
		{6C181354-20D2-4ABC-BDFD-54CF562476FF}.Release|Any CPU.ActiveCfg = Release|Any CPU
		{6C181354-20D2-4ABC-BDFD-54CF562476FF}.Release|Any CPU.Build.0 = Release|Any CPU
		{015DA6DA-066C-4868-828B-5622E2E0EEB2}.Debug - Firebird|Any CPU.ActiveCfg = Debug|Any CPU
		{015DA6DA-066C-4868-828B-5622E2E0EEB2}.Debug - Firebird|Any CPU.Build.0 = Debug|Any CPU
		{015DA6DA-066C-4868-828B-5622E2E0EEB2}.Debug - MySql|Any CPU.ActiveCfg = Debug|Any CPU
		{015DA6DA-066C-4868-828B-5622E2E0EEB2}.Debug - MySql|Any CPU.Build.0 = Debug|Any CPU
		{015DA6DA-066C-4868-828B-5622E2E0EEB2}.Debug - pgsql|Any CPU.ActiveCfg = Debug|Any CPU
		{015DA6DA-066C-4868-828B-5622E2E0EEB2}.Debug - pgsql|Any CPU.Build.0 = Debug|Any CPU
		{015DA6DA-066C-4868-828B-5622E2E0EEB2}.Debug - SqlCe|Any CPU.ActiveCfg = Debug|Any CPU
		{015DA6DA-066C-4868-828B-5622E2E0EEB2}.Debug - SqlCe|Any CPU.Build.0 = Debug|Any CPU
		{015DA6DA-066C-4868-828B-5622E2E0EEB2}.Debug - SQLite|Any CPU.ActiveCfg = Debug|Any CPU
		{015DA6DA-066C-4868-828B-5622E2E0EEB2}.Debug - SQLite|Any CPU.Build.0 = Debug|Any CPU
		{015DA6DA-066C-4868-828B-5622E2E0EEB2}.Debug|Any CPU.ActiveCfg = Debug|Any CPU
		{015DA6DA-066C-4868-828B-5622E2E0EEB2}.Debug|Any CPU.Build.0 = Debug|Any CPU
		{015DA6DA-066C-4868-828B-5622E2E0EEB2}.Release - Firebird|Any CPU.ActiveCfg = Release|Any CPU
		{015DA6DA-066C-4868-828B-5622E2E0EEB2}.Release - Firebird|Any CPU.Build.0 = Release|Any CPU
		{015DA6DA-066C-4868-828B-5622E2E0EEB2}.Release - MySql|Any CPU.ActiveCfg = Release|Any CPU
		{015DA6DA-066C-4868-828B-5622E2E0EEB2}.Release - MySql|Any CPU.Build.0 = Release|Any CPU
		{015DA6DA-066C-4868-828B-5622E2E0EEB2}.Release - pgsql|Any CPU.ActiveCfg = Release|Any CPU
		{015DA6DA-066C-4868-828B-5622E2E0EEB2}.Release - pgsql|Any CPU.Build.0 = Release|Any CPU
		{015DA6DA-066C-4868-828B-5622E2E0EEB2}.Release - SqlCe|Any CPU.ActiveCfg = Release|Any CPU
		{015DA6DA-066C-4868-828B-5622E2E0EEB2}.Release - SqlCe|Any CPU.Build.0 = Release|Any CPU
		{015DA6DA-066C-4868-828B-5622E2E0EEB2}.Release - SQLite|Any CPU.ActiveCfg = Release|Any CPU
		{015DA6DA-066C-4868-828B-5622E2E0EEB2}.Release - SQLite|Any CPU.Build.0 = Release|Any CPU
		{015DA6DA-066C-4868-828B-5622E2E0EEB2}.Release|Any CPU.ActiveCfg = Release|Any CPU
		{015DA6DA-066C-4868-828B-5622E2E0EEB2}.Release|Any CPU.Build.0 = Release|Any CPU
		{B65BFD6B-FDF9-4CA1-ADDF-73EE5072B7D0}.Debug - Firebird|Any CPU.ActiveCfg = Debug|Any CPU
		{B65BFD6B-FDF9-4CA1-ADDF-73EE5072B7D0}.Debug - Firebird|Any CPU.Build.0 = Debug|Any CPU
		{B65BFD6B-FDF9-4CA1-ADDF-73EE5072B7D0}.Debug - MySql|Any CPU.ActiveCfg = Debug|Any CPU
		{B65BFD6B-FDF9-4CA1-ADDF-73EE5072B7D0}.Debug - MySql|Any CPU.Build.0 = Debug|Any CPU
		{B65BFD6B-FDF9-4CA1-ADDF-73EE5072B7D0}.Debug - pgsql|Any CPU.ActiveCfg = Debug|Any CPU
		{B65BFD6B-FDF9-4CA1-ADDF-73EE5072B7D0}.Debug - pgsql|Any CPU.Build.0 = Debug|Any CPU
		{B65BFD6B-FDF9-4CA1-ADDF-73EE5072B7D0}.Debug - SqlCe|Any CPU.ActiveCfg = Debug|Any CPU
		{B65BFD6B-FDF9-4CA1-ADDF-73EE5072B7D0}.Debug - SqlCe|Any CPU.Build.0 = Debug|Any CPU
		{B65BFD6B-FDF9-4CA1-ADDF-73EE5072B7D0}.Debug - SQLite|Any CPU.ActiveCfg = Debug|Any CPU
		{B65BFD6B-FDF9-4CA1-ADDF-73EE5072B7D0}.Debug - SQLite|Any CPU.Build.0 = Debug|Any CPU
		{B65BFD6B-FDF9-4CA1-ADDF-73EE5072B7D0}.Debug|Any CPU.ActiveCfg = Debug|Any CPU
		{B65BFD6B-FDF9-4CA1-ADDF-73EE5072B7D0}.Debug|Any CPU.Build.0 = Debug|Any CPU
		{B65BFD6B-FDF9-4CA1-ADDF-73EE5072B7D0}.Release - Firebird|Any CPU.ActiveCfg = Release|Any CPU
		{B65BFD6B-FDF9-4CA1-ADDF-73EE5072B7D0}.Release - Firebird|Any CPU.Build.0 = Release|Any CPU
		{B65BFD6B-FDF9-4CA1-ADDF-73EE5072B7D0}.Release - MySql|Any CPU.ActiveCfg = Release|Any CPU
		{B65BFD6B-FDF9-4CA1-ADDF-73EE5072B7D0}.Release - MySql|Any CPU.Build.0 = Release|Any CPU
		{B65BFD6B-FDF9-4CA1-ADDF-73EE5072B7D0}.Release - pgsql|Any CPU.ActiveCfg = Release|Any CPU
		{B65BFD6B-FDF9-4CA1-ADDF-73EE5072B7D0}.Release - pgsql|Any CPU.Build.0 = Release|Any CPU
		{B65BFD6B-FDF9-4CA1-ADDF-73EE5072B7D0}.Release - SqlCe|Any CPU.ActiveCfg = Release|Any CPU
		{B65BFD6B-FDF9-4CA1-ADDF-73EE5072B7D0}.Release - SqlCe|Any CPU.Build.0 = Release|Any CPU
		{B65BFD6B-FDF9-4CA1-ADDF-73EE5072B7D0}.Release - SQLite|Any CPU.ActiveCfg = Release|Any CPU
		{B65BFD6B-FDF9-4CA1-ADDF-73EE5072B7D0}.Release - SQLite|Any CPU.Build.0 = Release|Any CPU
		{B65BFD6B-FDF9-4CA1-ADDF-73EE5072B7D0}.Release|Any CPU.ActiveCfg = Release|Any CPU
		{B65BFD6B-FDF9-4CA1-ADDF-73EE5072B7D0}.Release|Any CPU.Build.0 = Release|Any CPU
		{1F2270CE-2B6F-41EA-AEC8-41CBCE25E30D}.Debug - Firebird|Any CPU.ActiveCfg = Debug - Firebird|Any CPU
		{1F2270CE-2B6F-41EA-AEC8-41CBCE25E30D}.Debug - Firebird|Any CPU.Build.0 = Debug - Firebird|Any CPU
		{1F2270CE-2B6F-41EA-AEC8-41CBCE25E30D}.Debug - MySql|Any CPU.ActiveCfg = Debug - MySql|Any CPU
		{1F2270CE-2B6F-41EA-AEC8-41CBCE25E30D}.Debug - MySql|Any CPU.Build.0 = Debug - MySql|Any CPU
		{1F2270CE-2B6F-41EA-AEC8-41CBCE25E30D}.Debug - pgsql|Any CPU.ActiveCfg = Debug - pgsql|Any CPU
		{1F2270CE-2B6F-41EA-AEC8-41CBCE25E30D}.Debug - pgsql|Any CPU.Build.0 = Debug - pgsql|Any CPU
		{1F2270CE-2B6F-41EA-AEC8-41CBCE25E30D}.Debug - SqlCe|Any CPU.ActiveCfg = Debug - SqlCe|Any CPU
		{1F2270CE-2B6F-41EA-AEC8-41CBCE25E30D}.Debug - SqlCe|Any CPU.Build.0 = Debug - SqlCe|Any CPU
		{1F2270CE-2B6F-41EA-AEC8-41CBCE25E30D}.Debug - SQLite|Any CPU.ActiveCfg = Debug - SQLite|Any CPU
		{1F2270CE-2B6F-41EA-AEC8-41CBCE25E30D}.Debug - SQLite|Any CPU.Build.0 = Debug - SQLite|Any CPU
		{1F2270CE-2B6F-41EA-AEC8-41CBCE25E30D}.Debug|Any CPU.ActiveCfg = Debug|Any CPU
		{1F2270CE-2B6F-41EA-AEC8-41CBCE25E30D}.Debug|Any CPU.Build.0 = Debug|Any CPU
		{1F2270CE-2B6F-41EA-AEC8-41CBCE25E30D}.Release - Firebird|Any CPU.ActiveCfg = Release - Firebird|Any CPU
		{1F2270CE-2B6F-41EA-AEC8-41CBCE25E30D}.Release - Firebird|Any CPU.Build.0 = Release - Firebird|Any CPU
		{1F2270CE-2B6F-41EA-AEC8-41CBCE25E30D}.Release - MySql|Any CPU.ActiveCfg = Release - MySql|Any CPU
		{1F2270CE-2B6F-41EA-AEC8-41CBCE25E30D}.Release - MySql|Any CPU.Build.0 = Release - MySql|Any CPU
		{1F2270CE-2B6F-41EA-AEC8-41CBCE25E30D}.Release - pgsql|Any CPU.ActiveCfg = Release - pgsql|Any CPU
		{1F2270CE-2B6F-41EA-AEC8-41CBCE25E30D}.Release - pgsql|Any CPU.Build.0 = Release - pgsql|Any CPU
		{1F2270CE-2B6F-41EA-AEC8-41CBCE25E30D}.Release - SqlCe|Any CPU.ActiveCfg = Release - SqlCe|Any CPU
		{1F2270CE-2B6F-41EA-AEC8-41CBCE25E30D}.Release - SqlCe|Any CPU.Build.0 = Release - SqlCe|Any CPU
		{1F2270CE-2B6F-41EA-AEC8-41CBCE25E30D}.Release - SQLite|Any CPU.ActiveCfg = Release - SQLite|Any CPU
		{1F2270CE-2B6F-41EA-AEC8-41CBCE25E30D}.Release - SQLite|Any CPU.Build.0 = Release - SQLite|Any CPU
		{1F2270CE-2B6F-41EA-AEC8-41CBCE25E30D}.Release|Any CPU.ActiveCfg = Release|Any CPU
		{1F2270CE-2B6F-41EA-AEC8-41CBCE25E30D}.Release|Any CPU.Build.0 = Release|Any CPU
		{6DDFE292-37AA-4A02-B2F0-BA7968A026EF}.Debug - Firebird|Any CPU.ActiveCfg = Debug - Firebird|Any CPU
		{6DDFE292-37AA-4A02-B2F0-BA7968A026EF}.Debug - Firebird|Any CPU.Build.0 = Debug - Firebird|Any CPU
		{6DDFE292-37AA-4A02-B2F0-BA7968A026EF}.Debug - MySql|Any CPU.ActiveCfg = Debug - MySql|Any CPU
		{6DDFE292-37AA-4A02-B2F0-BA7968A026EF}.Debug - MySql|Any CPU.Build.0 = Debug - MySql|Any CPU
		{6DDFE292-37AA-4A02-B2F0-BA7968A026EF}.Debug - pgsql|Any CPU.ActiveCfg = Debug - pgsql|Any CPU
		{6DDFE292-37AA-4A02-B2F0-BA7968A026EF}.Debug - pgsql|Any CPU.Build.0 = Debug - pgsql|Any CPU
		{6DDFE292-37AA-4A02-B2F0-BA7968A026EF}.Debug - SqlCe|Any CPU.ActiveCfg = Debug - SqlCe|Any CPU
		{6DDFE292-37AA-4A02-B2F0-BA7968A026EF}.Debug - SqlCe|Any CPU.Build.0 = Debug - SqlCe|Any CPU
		{6DDFE292-37AA-4A02-B2F0-BA7968A026EF}.Debug - SQLite|Any CPU.ActiveCfg = Debug - SQLite|Any CPU
		{6DDFE292-37AA-4A02-B2F0-BA7968A026EF}.Debug - SQLite|Any CPU.Build.0 = Debug - SQLite|Any CPU
		{6DDFE292-37AA-4A02-B2F0-BA7968A026EF}.Debug|Any CPU.ActiveCfg = Debug|Any CPU
		{6DDFE292-37AA-4A02-B2F0-BA7968A026EF}.Debug|Any CPU.Build.0 = Debug|Any CPU
		{6DDFE292-37AA-4A02-B2F0-BA7968A026EF}.Release - Firebird|Any CPU.ActiveCfg = Release - Firebird|Any CPU
		{6DDFE292-37AA-4A02-B2F0-BA7968A026EF}.Release - Firebird|Any CPU.Build.0 = Release - Firebird|Any CPU
		{6DDFE292-37AA-4A02-B2F0-BA7968A026EF}.Release - MySql|Any CPU.ActiveCfg = Release - MySql|Any CPU
		{6DDFE292-37AA-4A02-B2F0-BA7968A026EF}.Release - MySql|Any CPU.Build.0 = Release - MySql|Any CPU
		{6DDFE292-37AA-4A02-B2F0-BA7968A026EF}.Release - pgsql|Any CPU.ActiveCfg = Release - pgsql|Any CPU
		{6DDFE292-37AA-4A02-B2F0-BA7968A026EF}.Release - pgsql|Any CPU.Build.0 = Release - pgsql|Any CPU
		{6DDFE292-37AA-4A02-B2F0-BA7968A026EF}.Release - SqlCe|Any CPU.ActiveCfg = Release - SqlCe|Any CPU
		{6DDFE292-37AA-4A02-B2F0-BA7968A026EF}.Release - SqlCe|Any CPU.Build.0 = Release - SqlCe|Any CPU
		{6DDFE292-37AA-4A02-B2F0-BA7968A026EF}.Release - SQLite|Any CPU.ActiveCfg = Release - SQLite|Any CPU
		{6DDFE292-37AA-4A02-B2F0-BA7968A026EF}.Release - SQLite|Any CPU.Build.0 = Release - SQLite|Any CPU
		{6DDFE292-37AA-4A02-B2F0-BA7968A026EF}.Release|Any CPU.ActiveCfg = Release|Any CPU
		{6DDFE292-37AA-4A02-B2F0-BA7968A026EF}.Release|Any CPU.Build.0 = Release|Any CPU
		{2FB266B5-97F0-42EB-9F42-B6A7DE749D29}.Debug - Firebird|Any CPU.ActiveCfg = Debug - Firebird|Any CPU
		{2FB266B5-97F0-42EB-9F42-B6A7DE749D29}.Debug - Firebird|Any CPU.Build.0 = Debug - Firebird|Any CPU
		{2FB266B5-97F0-42EB-9F42-B6A7DE749D29}.Debug - MySql|Any CPU.ActiveCfg = Debug - MySql|Any CPU
		{2FB266B5-97F0-42EB-9F42-B6A7DE749D29}.Debug - MySql|Any CPU.Build.0 = Debug - MySql|Any CPU
		{2FB266B5-97F0-42EB-9F42-B6A7DE749D29}.Debug - pgsql|Any CPU.ActiveCfg = Debug - pgsql|Any CPU
		{2FB266B5-97F0-42EB-9F42-B6A7DE749D29}.Debug - pgsql|Any CPU.Build.0 = Debug - pgsql|Any CPU
		{2FB266B5-97F0-42EB-9F42-B6A7DE749D29}.Debug - SqlCe|Any CPU.ActiveCfg = Debug - SqlCe|Any CPU
		{2FB266B5-97F0-42EB-9F42-B6A7DE749D29}.Debug - SqlCe|Any CPU.Build.0 = Debug - SqlCe|Any CPU
		{2FB266B5-97F0-42EB-9F42-B6A7DE749D29}.Debug - SQLite|Any CPU.ActiveCfg = Debug - SQLite|Any CPU
		{2FB266B5-97F0-42EB-9F42-B6A7DE749D29}.Debug - SQLite|Any CPU.Build.0 = Debug - SQLite|Any CPU
		{2FB266B5-97F0-42EB-9F42-B6A7DE749D29}.Debug|Any CPU.ActiveCfg = Debug|Any CPU
		{2FB266B5-97F0-42EB-9F42-B6A7DE749D29}.Debug|Any CPU.Build.0 = Debug|Any CPU
		{2FB266B5-97F0-42EB-9F42-B6A7DE749D29}.Release - Firebird|Any CPU.ActiveCfg = Release - Firebird|Any CPU
		{2FB266B5-97F0-42EB-9F42-B6A7DE749D29}.Release - Firebird|Any CPU.Build.0 = Release - Firebird|Any CPU
		{2FB266B5-97F0-42EB-9F42-B6A7DE749D29}.Release - MySql|Any CPU.ActiveCfg = Release - MySql|Any CPU
		{2FB266B5-97F0-42EB-9F42-B6A7DE749D29}.Release - MySql|Any CPU.Build.0 = Release - MySql|Any CPU
		{2FB266B5-97F0-42EB-9F42-B6A7DE749D29}.Release - pgsql|Any CPU.ActiveCfg = Release - pgsql|Any CPU
		{2FB266B5-97F0-42EB-9F42-B6A7DE749D29}.Release - pgsql|Any CPU.Build.0 = Release - pgsql|Any CPU
		{2FB266B5-97F0-42EB-9F42-B6A7DE749D29}.Release - SqlCe|Any CPU.ActiveCfg = Release - SqlCe|Any CPU
		{2FB266B5-97F0-42EB-9F42-B6A7DE749D29}.Release - SqlCe|Any CPU.Build.0 = Release - SqlCe|Any CPU
		{2FB266B5-97F0-42EB-9F42-B6A7DE749D29}.Release - SQLite|Any CPU.ActiveCfg = Release - SQLite|Any CPU
		{2FB266B5-97F0-42EB-9F42-B6A7DE749D29}.Release - SQLite|Any CPU.Build.0 = Release - SQLite|Any CPU
		{2FB266B5-97F0-42EB-9F42-B6A7DE749D29}.Release|Any CPU.ActiveCfg = Release|Any CPU
		{2FB266B5-97F0-42EB-9F42-B6A7DE749D29}.Release|Any CPU.Build.0 = Release|Any CPU
		{8582D51E-126B-4D64-B080-07AD8245B38F}.Debug - Firebird|Any CPU.ActiveCfg = Debug - Firebird|Any CPU
		{8582D51E-126B-4D64-B080-07AD8245B38F}.Debug - Firebird|Any CPU.Build.0 = Debug - Firebird|Any CPU
		{8582D51E-126B-4D64-B080-07AD8245B38F}.Debug - MySql|Any CPU.ActiveCfg = Debug - MySql|Any CPU
		{8582D51E-126B-4D64-B080-07AD8245B38F}.Debug - MySql|Any CPU.Build.0 = Debug - MySql|Any CPU
		{8582D51E-126B-4D64-B080-07AD8245B38F}.Debug - pgsql|Any CPU.ActiveCfg = Debug - pgsql|Any CPU
		{8582D51E-126B-4D64-B080-07AD8245B38F}.Debug - pgsql|Any CPU.Build.0 = Debug - pgsql|Any CPU
		{8582D51E-126B-4D64-B080-07AD8245B38F}.Debug - SqlCe|Any CPU.ActiveCfg = Debug - SqlCe|Any CPU
		{8582D51E-126B-4D64-B080-07AD8245B38F}.Debug - SqlCe|Any CPU.Build.0 = Debug - SqlCe|Any CPU
		{8582D51E-126B-4D64-B080-07AD8245B38F}.Debug - SQLite|Any CPU.ActiveCfg = Debug - SQLite|Any CPU
		{8582D51E-126B-4D64-B080-07AD8245B38F}.Debug - SQLite|Any CPU.Build.0 = Debug - SQLite|Any CPU
		{8582D51E-126B-4D64-B080-07AD8245B38F}.Debug|Any CPU.ActiveCfg = Debug|Any CPU
		{8582D51E-126B-4D64-B080-07AD8245B38F}.Debug|Any CPU.Build.0 = Debug|Any CPU
		{8582D51E-126B-4D64-B080-07AD8245B38F}.Release - Firebird|Any CPU.ActiveCfg = Release - Firebird|Any CPU
		{8582D51E-126B-4D64-B080-07AD8245B38F}.Release - Firebird|Any CPU.Build.0 = Release - Firebird|Any CPU
		{8582D51E-126B-4D64-B080-07AD8245B38F}.Release - MySql|Any CPU.ActiveCfg = Release - MySql|Any CPU
		{8582D51E-126B-4D64-B080-07AD8245B38F}.Release - MySql|Any CPU.Build.0 = Release - MySql|Any CPU
		{8582D51E-126B-4D64-B080-07AD8245B38F}.Release - pgsql|Any CPU.ActiveCfg = Release - pgsql|Any CPU
		{8582D51E-126B-4D64-B080-07AD8245B38F}.Release - pgsql|Any CPU.Build.0 = Release - pgsql|Any CPU
		{8582D51E-126B-4D64-B080-07AD8245B38F}.Release - SqlCe|Any CPU.ActiveCfg = Release - SqlCe|Any CPU
		{8582D51E-126B-4D64-B080-07AD8245B38F}.Release - SqlCe|Any CPU.Build.0 = Release - SqlCe|Any CPU
		{8582D51E-126B-4D64-B080-07AD8245B38F}.Release - SQLite|Any CPU.ActiveCfg = Release - SQLite|Any CPU
		{8582D51E-126B-4D64-B080-07AD8245B38F}.Release - SQLite|Any CPU.Build.0 = Release - SQLite|Any CPU
		{8582D51E-126B-4D64-B080-07AD8245B38F}.Release|Any CPU.ActiveCfg = Release|Any CPU
		{8582D51E-126B-4D64-B080-07AD8245B38F}.Release|Any CPU.Build.0 = Release|Any CPU
		{4EAD30EC-4F97-4F38-8530-1B7EDDB8FC8E}.Debug - Firebird|Any CPU.ActiveCfg = Debug - Firebird|Any CPU
		{4EAD30EC-4F97-4F38-8530-1B7EDDB8FC8E}.Debug - Firebird|Any CPU.Build.0 = Debug - Firebird|Any CPU
		{4EAD30EC-4F97-4F38-8530-1B7EDDB8FC8E}.Debug - MySql|Any CPU.ActiveCfg = Debug - MySql|Any CPU
		{4EAD30EC-4F97-4F38-8530-1B7EDDB8FC8E}.Debug - MySql|Any CPU.Build.0 = Debug - MySql|Any CPU
		{4EAD30EC-4F97-4F38-8530-1B7EDDB8FC8E}.Debug - pgsql|Any CPU.ActiveCfg = Debug - pgsql|Any CPU
		{4EAD30EC-4F97-4F38-8530-1B7EDDB8FC8E}.Debug - pgsql|Any CPU.Build.0 = Debug - pgsql|Any CPU
		{4EAD30EC-4F97-4F38-8530-1B7EDDB8FC8E}.Debug - SqlCe|Any CPU.ActiveCfg = Debug - SqlCe|Any CPU
		{4EAD30EC-4F97-4F38-8530-1B7EDDB8FC8E}.Debug - SqlCe|Any CPU.Build.0 = Debug - SqlCe|Any CPU
		{4EAD30EC-4F97-4F38-8530-1B7EDDB8FC8E}.Debug - SQLite|Any CPU.ActiveCfg = Debug - SQLite|Any CPU
		{4EAD30EC-4F97-4F38-8530-1B7EDDB8FC8E}.Debug - SQLite|Any CPU.Build.0 = Debug - SQLite|Any CPU
		{4EAD30EC-4F97-4F38-8530-1B7EDDB8FC8E}.Debug|Any CPU.ActiveCfg = Debug|Any CPU
		{4EAD30EC-4F97-4F38-8530-1B7EDDB8FC8E}.Debug|Any CPU.Build.0 = Debug|Any CPU
		{4EAD30EC-4F97-4F38-8530-1B7EDDB8FC8E}.Release - Firebird|Any CPU.ActiveCfg = Release - Firebird|Any CPU
		{4EAD30EC-4F97-4F38-8530-1B7EDDB8FC8E}.Release - Firebird|Any CPU.Build.0 = Release - Firebird|Any CPU
		{4EAD30EC-4F97-4F38-8530-1B7EDDB8FC8E}.Release - MySql|Any CPU.ActiveCfg = Release - MySql|Any CPU
		{4EAD30EC-4F97-4F38-8530-1B7EDDB8FC8E}.Release - MySql|Any CPU.Build.0 = Release - MySql|Any CPU
		{4EAD30EC-4F97-4F38-8530-1B7EDDB8FC8E}.Release - pgsql|Any CPU.ActiveCfg = Release - pgsql|Any CPU
		{4EAD30EC-4F97-4F38-8530-1B7EDDB8FC8E}.Release - pgsql|Any CPU.Build.0 = Release - pgsql|Any CPU
		{4EAD30EC-4F97-4F38-8530-1B7EDDB8FC8E}.Release - SqlCe|Any CPU.ActiveCfg = Release - SqlCe|Any CPU
		{4EAD30EC-4F97-4F38-8530-1B7EDDB8FC8E}.Release - SqlCe|Any CPU.Build.0 = Release - SqlCe|Any CPU
		{4EAD30EC-4F97-4F38-8530-1B7EDDB8FC8E}.Release - SQLite|Any CPU.ActiveCfg = Release - SQLite|Any CPU
		{4EAD30EC-4F97-4F38-8530-1B7EDDB8FC8E}.Release - SQLite|Any CPU.Build.0 = Release - SQLite|Any CPU
		{4EAD30EC-4F97-4F38-8530-1B7EDDB8FC8E}.Release|Any CPU.ActiveCfg = Release|Any CPU
		{4EAD30EC-4F97-4F38-8530-1B7EDDB8FC8E}.Release|Any CPU.Build.0 = Release|Any CPU
		{65849992-8F44-4480-9494-1CA0D6325795}.Debug - Firebird|Any CPU.ActiveCfg = Debug - Firebird|Any CPU
		{65849992-8F44-4480-9494-1CA0D6325795}.Debug - Firebird|Any CPU.Build.0 = Debug - Firebird|Any CPU
		{65849992-8F44-4480-9494-1CA0D6325795}.Debug - MySql|Any CPU.ActiveCfg = Debug - MySql|Any CPU
		{65849992-8F44-4480-9494-1CA0D6325795}.Debug - MySql|Any CPU.Build.0 = Debug - MySql|Any CPU
		{65849992-8F44-4480-9494-1CA0D6325795}.Debug - pgsql|Any CPU.ActiveCfg = Debug - pgsql|Any CPU
		{65849992-8F44-4480-9494-1CA0D6325795}.Debug - pgsql|Any CPU.Build.0 = Debug - pgsql|Any CPU
		{65849992-8F44-4480-9494-1CA0D6325795}.Debug - SqlCe|Any CPU.ActiveCfg = Debug - SqlCe|Any CPU
		{65849992-8F44-4480-9494-1CA0D6325795}.Debug - SqlCe|Any CPU.Build.0 = Debug - SqlCe|Any CPU
		{65849992-8F44-4480-9494-1CA0D6325795}.Debug - SQLite|Any CPU.ActiveCfg = Debug - SQLite|Any CPU
		{65849992-8F44-4480-9494-1CA0D6325795}.Debug - SQLite|Any CPU.Build.0 = Debug - SQLite|Any CPU
		{65849992-8F44-4480-9494-1CA0D6325795}.Debug|Any CPU.ActiveCfg = Debug|Any CPU
		{65849992-8F44-4480-9494-1CA0D6325795}.Debug|Any CPU.Build.0 = Debug|Any CPU
		{65849992-8F44-4480-9494-1CA0D6325795}.Release - Firebird|Any CPU.ActiveCfg = Release - Firebird|Any CPU
		{65849992-8F44-4480-9494-1CA0D6325795}.Release - Firebird|Any CPU.Build.0 = Release - Firebird|Any CPU
		{65849992-8F44-4480-9494-1CA0D6325795}.Release - MySql|Any CPU.ActiveCfg = Release - MySql|Any CPU
		{65849992-8F44-4480-9494-1CA0D6325795}.Release - MySql|Any CPU.Build.0 = Release - MySql|Any CPU
		{65849992-8F44-4480-9494-1CA0D6325795}.Release - pgsql|Any CPU.ActiveCfg = Release - pgsql|Any CPU
		{65849992-8F44-4480-9494-1CA0D6325795}.Release - pgsql|Any CPU.Build.0 = Release - pgsql|Any CPU
		{65849992-8F44-4480-9494-1CA0D6325795}.Release - SqlCe|Any CPU.ActiveCfg = Release - SqlCe|Any CPU
		{65849992-8F44-4480-9494-1CA0D6325795}.Release - SqlCe|Any CPU.Build.0 = Release - SqlCe|Any CPU
		{65849992-8F44-4480-9494-1CA0D6325795}.Release - SQLite|Any CPU.ActiveCfg = Release - SQLite|Any CPU
		{65849992-8F44-4480-9494-1CA0D6325795}.Release - SQLite|Any CPU.Build.0 = Release - SQLite|Any CPU
		{65849992-8F44-4480-9494-1CA0D6325795}.Release|Any CPU.ActiveCfg = Release|Any CPU
		{65849992-8F44-4480-9494-1CA0D6325795}.Release|Any CPU.Build.0 = Release|Any CPU
		{30916752-1A97-49CA-95D6-81A5F784EEB5}.Debug - Firebird|Any CPU.ActiveCfg = Debug - Firebird|Any CPU
		{30916752-1A97-49CA-95D6-81A5F784EEB5}.Debug - Firebird|Any CPU.Build.0 = Debug - Firebird|Any CPU
		{30916752-1A97-49CA-95D6-81A5F784EEB5}.Debug - MySql|Any CPU.ActiveCfg = Debug - MySql|Any CPU
		{30916752-1A97-49CA-95D6-81A5F784EEB5}.Debug - MySql|Any CPU.Build.0 = Debug - MySql|Any CPU
		{30916752-1A97-49CA-95D6-81A5F784EEB5}.Debug - pgsql|Any CPU.ActiveCfg = Debug - pgsql|Any CPU
		{30916752-1A97-49CA-95D6-81A5F784EEB5}.Debug - pgsql|Any CPU.Build.0 = Debug - pgsql|Any CPU
		{30916752-1A97-49CA-95D6-81A5F784EEB5}.Debug - SqlCe|Any CPU.ActiveCfg = Debug - SqlCe|Any CPU
		{30916752-1A97-49CA-95D6-81A5F784EEB5}.Debug - SqlCe|Any CPU.Build.0 = Debug - SqlCe|Any CPU
		{30916752-1A97-49CA-95D6-81A5F784EEB5}.Debug - SQLite|Any CPU.ActiveCfg = Debug - SQLite|Any CPU
		{30916752-1A97-49CA-95D6-81A5F784EEB5}.Debug - SQLite|Any CPU.Build.0 = Debug - SQLite|Any CPU
		{30916752-1A97-49CA-95D6-81A5F784EEB5}.Debug|Any CPU.ActiveCfg = Debug|Any CPU
		{30916752-1A97-49CA-95D6-81A5F784EEB5}.Debug|Any CPU.Build.0 = Debug|Any CPU
		{30916752-1A97-49CA-95D6-81A5F784EEB5}.Release - Firebird|Any CPU.ActiveCfg = Release - Firebird|Any CPU
		{30916752-1A97-49CA-95D6-81A5F784EEB5}.Release - Firebird|Any CPU.Build.0 = Release - Firebird|Any CPU
		{30916752-1A97-49CA-95D6-81A5F784EEB5}.Release - MySql|Any CPU.ActiveCfg = Release - MySql|Any CPU
		{30916752-1A97-49CA-95D6-81A5F784EEB5}.Release - MySql|Any CPU.Build.0 = Release - MySql|Any CPU
		{30916752-1A97-49CA-95D6-81A5F784EEB5}.Release - pgsql|Any CPU.ActiveCfg = Release - pgsql|Any CPU
		{30916752-1A97-49CA-95D6-81A5F784EEB5}.Release - pgsql|Any CPU.Build.0 = Release - pgsql|Any CPU
		{30916752-1A97-49CA-95D6-81A5F784EEB5}.Release - SqlCe|Any CPU.ActiveCfg = Release - SqlCe|Any CPU
		{30916752-1A97-49CA-95D6-81A5F784EEB5}.Release - SqlCe|Any CPU.Build.0 = Release - SqlCe|Any CPU
		{30916752-1A97-49CA-95D6-81A5F784EEB5}.Release - SQLite|Any CPU.ActiveCfg = Release - SQLite|Any CPU
		{30916752-1A97-49CA-95D6-81A5F784EEB5}.Release - SQLite|Any CPU.Build.0 = Release - SQLite|Any CPU
		{30916752-1A97-49CA-95D6-81A5F784EEB5}.Release|Any CPU.ActiveCfg = Release|Any CPU
		{30916752-1A97-49CA-95D6-81A5F784EEB5}.Release|Any CPU.Build.0 = Release|Any CPU
		{E0D12031-BFDD-4069-9024-8B00A2AA6DBC}.Debug - Firebird|Any CPU.ActiveCfg = Debug - Firebird|Any CPU
		{E0D12031-BFDD-4069-9024-8B00A2AA6DBC}.Debug - Firebird|Any CPU.Build.0 = Debug - Firebird|Any CPU
		{E0D12031-BFDD-4069-9024-8B00A2AA6DBC}.Debug - MySql|Any CPU.ActiveCfg = Debug - MySql|Any CPU
		{E0D12031-BFDD-4069-9024-8B00A2AA6DBC}.Debug - MySql|Any CPU.Build.0 = Debug - MySql|Any CPU
		{E0D12031-BFDD-4069-9024-8B00A2AA6DBC}.Debug - pgsql|Any CPU.ActiveCfg = Debug - pgsql|Any CPU
		{E0D12031-BFDD-4069-9024-8B00A2AA6DBC}.Debug - pgsql|Any CPU.Build.0 = Debug - pgsql|Any CPU
		{E0D12031-BFDD-4069-9024-8B00A2AA6DBC}.Debug - SqlCe|Any CPU.ActiveCfg = Debug - SqlCe|Any CPU
		{E0D12031-BFDD-4069-9024-8B00A2AA6DBC}.Debug - SqlCe|Any CPU.Build.0 = Debug - SqlCe|Any CPU
		{E0D12031-BFDD-4069-9024-8B00A2AA6DBC}.Debug - SQLite|Any CPU.ActiveCfg = Debug - SQLite|Any CPU
		{E0D12031-BFDD-4069-9024-8B00A2AA6DBC}.Debug - SQLite|Any CPU.Build.0 = Debug - SQLite|Any CPU
		{E0D12031-BFDD-4069-9024-8B00A2AA6DBC}.Debug|Any CPU.ActiveCfg = Debug|Any CPU
		{E0D12031-BFDD-4069-9024-8B00A2AA6DBC}.Debug|Any CPU.Build.0 = Debug|Any CPU
		{E0D12031-BFDD-4069-9024-8B00A2AA6DBC}.Release - Firebird|Any CPU.ActiveCfg = Release - Firebird|Any CPU
		{E0D12031-BFDD-4069-9024-8B00A2AA6DBC}.Release - Firebird|Any CPU.Build.0 = Release - Firebird|Any CPU
		{E0D12031-BFDD-4069-9024-8B00A2AA6DBC}.Release - MySql|Any CPU.ActiveCfg = Release - MySql|Any CPU
		{E0D12031-BFDD-4069-9024-8B00A2AA6DBC}.Release - MySql|Any CPU.Build.0 = Release - MySql|Any CPU
		{E0D12031-BFDD-4069-9024-8B00A2AA6DBC}.Release - pgsql|Any CPU.ActiveCfg = Release - pgsql|Any CPU
		{E0D12031-BFDD-4069-9024-8B00A2AA6DBC}.Release - pgsql|Any CPU.Build.0 = Release - pgsql|Any CPU
		{E0D12031-BFDD-4069-9024-8B00A2AA6DBC}.Release - SqlCe|Any CPU.ActiveCfg = Release - SqlCe|Any CPU
		{E0D12031-BFDD-4069-9024-8B00A2AA6DBC}.Release - SqlCe|Any CPU.Build.0 = Release - SqlCe|Any CPU
		{E0D12031-BFDD-4069-9024-8B00A2AA6DBC}.Release - SQLite|Any CPU.ActiveCfg = Release - SQLite|Any CPU
		{E0D12031-BFDD-4069-9024-8B00A2AA6DBC}.Release - SQLite|Any CPU.Build.0 = Release - SQLite|Any CPU
		{E0D12031-BFDD-4069-9024-8B00A2AA6DBC}.Release|Any CPU.ActiveCfg = Release|Any CPU
		{E0D12031-BFDD-4069-9024-8B00A2AA6DBC}.Release|Any CPU.Build.0 = Release|Any CPU
		{4F6DDA2C-C9B8-45B2-AADA-3FF922317661}.Debug - Firebird|Any CPU.ActiveCfg = Debug - Firebird|Any CPU
		{4F6DDA2C-C9B8-45B2-AADA-3FF922317661}.Debug - Firebird|Any CPU.Build.0 = Debug - Firebird|Any CPU
		{4F6DDA2C-C9B8-45B2-AADA-3FF922317661}.Debug - MySql|Any CPU.ActiveCfg = Debug - MySql|Any CPU
		{4F6DDA2C-C9B8-45B2-AADA-3FF922317661}.Debug - MySql|Any CPU.Build.0 = Debug - MySql|Any CPU
		{4F6DDA2C-C9B8-45B2-AADA-3FF922317661}.Debug - pgsql|Any CPU.ActiveCfg = Debug - pgsql|Any CPU
		{4F6DDA2C-C9B8-45B2-AADA-3FF922317661}.Debug - pgsql|Any CPU.Build.0 = Debug - pgsql|Any CPU
		{4F6DDA2C-C9B8-45B2-AADA-3FF922317661}.Debug - SqlCe|Any CPU.ActiveCfg = Debug - SqlCe|Any CPU
		{4F6DDA2C-C9B8-45B2-AADA-3FF922317661}.Debug - SqlCe|Any CPU.Build.0 = Debug - SqlCe|Any CPU
		{4F6DDA2C-C9B8-45B2-AADA-3FF922317661}.Debug - SQLite|Any CPU.ActiveCfg = Debug - SQLite|Any CPU
		{4F6DDA2C-C9B8-45B2-AADA-3FF922317661}.Debug - SQLite|Any CPU.Build.0 = Debug - SQLite|Any CPU
		{4F6DDA2C-C9B8-45B2-AADA-3FF922317661}.Debug|Any CPU.ActiveCfg = Debug|Any CPU
		{4F6DDA2C-C9B8-45B2-AADA-3FF922317661}.Debug|Any CPU.Build.0 = Debug|Any CPU
		{4F6DDA2C-C9B8-45B2-AADA-3FF922317661}.Release - Firebird|Any CPU.ActiveCfg = Release - Firebird|Any CPU
		{4F6DDA2C-C9B8-45B2-AADA-3FF922317661}.Release - Firebird|Any CPU.Build.0 = Release - Firebird|Any CPU
		{4F6DDA2C-C9B8-45B2-AADA-3FF922317661}.Release - MySql|Any CPU.ActiveCfg = Release - MySql|Any CPU
		{4F6DDA2C-C9B8-45B2-AADA-3FF922317661}.Release - MySql|Any CPU.Build.0 = Release - MySql|Any CPU
		{4F6DDA2C-C9B8-45B2-AADA-3FF922317661}.Release - pgsql|Any CPU.ActiveCfg = Release - pgsql|Any CPU
		{4F6DDA2C-C9B8-45B2-AADA-3FF922317661}.Release - pgsql|Any CPU.Build.0 = Release - pgsql|Any CPU
		{4F6DDA2C-C9B8-45B2-AADA-3FF922317661}.Release - SqlCe|Any CPU.ActiveCfg = Release - SqlCe|Any CPU
		{4F6DDA2C-C9B8-45B2-AADA-3FF922317661}.Release - SqlCe|Any CPU.Build.0 = Release - SqlCe|Any CPU
		{4F6DDA2C-C9B8-45B2-AADA-3FF922317661}.Release - SQLite|Any CPU.ActiveCfg = Release - SQLite|Any CPU
		{4F6DDA2C-C9B8-45B2-AADA-3FF922317661}.Release - SQLite|Any CPU.Build.0 = Release - SQLite|Any CPU
		{4F6DDA2C-C9B8-45B2-AADA-3FF922317661}.Release|Any CPU.ActiveCfg = Release|Any CPU
		{4F6DDA2C-C9B8-45B2-AADA-3FF922317661}.Release|Any CPU.Build.0 = Release|Any CPU
		{A2DCD1E2-A5C3-4E37-A5F2-093659BC1C38}.Debug - Firebird|Any CPU.ActiveCfg = Debug - Firebird|Any CPU
		{A2DCD1E2-A5C3-4E37-A5F2-093659BC1C38}.Debug - Firebird|Any CPU.Build.0 = Debug - Firebird|Any CPU
		{A2DCD1E2-A5C3-4E37-A5F2-093659BC1C38}.Debug - MySql|Any CPU.ActiveCfg = Debug - MySql|Any CPU
		{A2DCD1E2-A5C3-4E37-A5F2-093659BC1C38}.Debug - MySql|Any CPU.Build.0 = Debug - MySql|Any CPU
		{A2DCD1E2-A5C3-4E37-A5F2-093659BC1C38}.Debug - pgsql|Any CPU.ActiveCfg = Debug - pgsql|Any CPU
		{A2DCD1E2-A5C3-4E37-A5F2-093659BC1C38}.Debug - pgsql|Any CPU.Build.0 = Debug - pgsql|Any CPU
		{A2DCD1E2-A5C3-4E37-A5F2-093659BC1C38}.Debug - SqlCe|Any CPU.ActiveCfg = Debug - SqlCe|Any CPU
		{A2DCD1E2-A5C3-4E37-A5F2-093659BC1C38}.Debug - SqlCe|Any CPU.Build.0 = Debug - SqlCe|Any CPU
		{A2DCD1E2-A5C3-4E37-A5F2-093659BC1C38}.Debug - SQLite|Any CPU.ActiveCfg = Debug - SQLite|Any CPU
		{A2DCD1E2-A5C3-4E37-A5F2-093659BC1C38}.Debug - SQLite|Any CPU.Build.0 = Debug - SQLite|Any CPU
		{A2DCD1E2-A5C3-4E37-A5F2-093659BC1C38}.Debug|Any CPU.ActiveCfg = Debug|Any CPU
		{A2DCD1E2-A5C3-4E37-A5F2-093659BC1C38}.Debug|Any CPU.Build.0 = Debug|Any CPU
		{A2DCD1E2-A5C3-4E37-A5F2-093659BC1C38}.Release - Firebird|Any CPU.ActiveCfg = Release - Firebird|Any CPU
		{A2DCD1E2-A5C3-4E37-A5F2-093659BC1C38}.Release - Firebird|Any CPU.Build.0 = Release - Firebird|Any CPU
		{A2DCD1E2-A5C3-4E37-A5F2-093659BC1C38}.Release - MySql|Any CPU.ActiveCfg = Release - MySql|Any CPU
		{A2DCD1E2-A5C3-4E37-A5F2-093659BC1C38}.Release - MySql|Any CPU.Build.0 = Release - MySql|Any CPU
		{A2DCD1E2-A5C3-4E37-A5F2-093659BC1C38}.Release - pgsql|Any CPU.ActiveCfg = Release - pgsql|Any CPU
		{A2DCD1E2-A5C3-4E37-A5F2-093659BC1C38}.Release - pgsql|Any CPU.Build.0 = Release - pgsql|Any CPU
		{A2DCD1E2-A5C3-4E37-A5F2-093659BC1C38}.Release - SqlCe|Any CPU.ActiveCfg = Release - SqlCe|Any CPU
		{A2DCD1E2-A5C3-4E37-A5F2-093659BC1C38}.Release - SqlCe|Any CPU.Build.0 = Release - SqlCe|Any CPU
		{A2DCD1E2-A5C3-4E37-A5F2-093659BC1C38}.Release - SQLite|Any CPU.ActiveCfg = Release - SQLite|Any CPU
		{A2DCD1E2-A5C3-4E37-A5F2-093659BC1C38}.Release - SQLite|Any CPU.Build.0 = Release - SQLite|Any CPU
		{A2DCD1E2-A5C3-4E37-A5F2-093659BC1C38}.Release|Any CPU.ActiveCfg = Release|Any CPU
		{A2DCD1E2-A5C3-4E37-A5F2-093659BC1C38}.Release|Any CPU.Build.0 = Release|Any CPU
		{103F2B02-3224-48BC-B173-1F7E1C85178A}.Debug - Firebird|Any CPU.ActiveCfg = Debug - Firebird|Any CPU
		{103F2B02-3224-48BC-B173-1F7E1C85178A}.Debug - Firebird|Any CPU.Build.0 = Debug - Firebird|Any CPU
		{103F2B02-3224-48BC-B173-1F7E1C85178A}.Debug - MySql|Any CPU.ActiveCfg = Debug - MySql|Any CPU
		{103F2B02-3224-48BC-B173-1F7E1C85178A}.Debug - MySql|Any CPU.Build.0 = Debug - MySql|Any CPU
		{103F2B02-3224-48BC-B173-1F7E1C85178A}.Debug - pgsql|Any CPU.ActiveCfg = Debug - pgsql|Any CPU
		{103F2B02-3224-48BC-B173-1F7E1C85178A}.Debug - pgsql|Any CPU.Build.0 = Debug - pgsql|Any CPU
		{103F2B02-3224-48BC-B173-1F7E1C85178A}.Debug - SqlCe|Any CPU.ActiveCfg = Debug - SqlCe|Any CPU
		{103F2B02-3224-48BC-B173-1F7E1C85178A}.Debug - SqlCe|Any CPU.Build.0 = Debug - SqlCe|Any CPU
		{103F2B02-3224-48BC-B173-1F7E1C85178A}.Debug - SQLite|Any CPU.ActiveCfg = Debug - SQLite|Any CPU
		{103F2B02-3224-48BC-B173-1F7E1C85178A}.Debug - SQLite|Any CPU.Build.0 = Debug - SQLite|Any CPU
		{103F2B02-3224-48BC-B173-1F7E1C85178A}.Debug|Any CPU.ActiveCfg = Debug|Any CPU
		{103F2B02-3224-48BC-B173-1F7E1C85178A}.Debug|Any CPU.Build.0 = Debug|Any CPU
		{103F2B02-3224-48BC-B173-1F7E1C85178A}.Release - Firebird|Any CPU.ActiveCfg = Release - Firebird|Any CPU
		{103F2B02-3224-48BC-B173-1F7E1C85178A}.Release - Firebird|Any CPU.Build.0 = Release - Firebird|Any CPU
		{103F2B02-3224-48BC-B173-1F7E1C85178A}.Release - MySql|Any CPU.ActiveCfg = Release - MySql|Any CPU
		{103F2B02-3224-48BC-B173-1F7E1C85178A}.Release - MySql|Any CPU.Build.0 = Release - MySql|Any CPU
		{103F2B02-3224-48BC-B173-1F7E1C85178A}.Release - pgsql|Any CPU.ActiveCfg = Release - pgsql|Any CPU
		{103F2B02-3224-48BC-B173-1F7E1C85178A}.Release - pgsql|Any CPU.Build.0 = Release - pgsql|Any CPU
		{103F2B02-3224-48BC-B173-1F7E1C85178A}.Release - SqlCe|Any CPU.ActiveCfg = Release - SqlCe|Any CPU
		{103F2B02-3224-48BC-B173-1F7E1C85178A}.Release - SqlCe|Any CPU.Build.0 = Release - SqlCe|Any CPU
		{103F2B02-3224-48BC-B173-1F7E1C85178A}.Release - SQLite|Any CPU.ActiveCfg = Release - SQLite|Any CPU
		{103F2B02-3224-48BC-B173-1F7E1C85178A}.Release - SQLite|Any CPU.Build.0 = Release - SQLite|Any CPU
		{103F2B02-3224-48BC-B173-1F7E1C85178A}.Release|Any CPU.ActiveCfg = Release|Any CPU
		{103F2B02-3224-48BC-B173-1F7E1C85178A}.Release|Any CPU.Build.0 = Release|Any CPU
		{8E511D65-4779-4689-82D4-811D3FE6866E}.Debug - Firebird|Any CPU.ActiveCfg = Debug - Firebird|Any CPU
		{8E511D65-4779-4689-82D4-811D3FE6866E}.Debug - Firebird|Any CPU.Build.0 = Debug - Firebird|Any CPU
		{8E511D65-4779-4689-82D4-811D3FE6866E}.Debug - MySql|Any CPU.ActiveCfg = Debug - MySql|Any CPU
		{8E511D65-4779-4689-82D4-811D3FE6866E}.Debug - MySql|Any CPU.Build.0 = Debug - MySql|Any CPU
		{8E511D65-4779-4689-82D4-811D3FE6866E}.Debug - pgsql|Any CPU.ActiveCfg = Debug - pgsql|Any CPU
		{8E511D65-4779-4689-82D4-811D3FE6866E}.Debug - pgsql|Any CPU.Build.0 = Debug - pgsql|Any CPU
		{8E511D65-4779-4689-82D4-811D3FE6866E}.Debug - SqlCe|Any CPU.ActiveCfg = Debug - SqlCe|Any CPU
		{8E511D65-4779-4689-82D4-811D3FE6866E}.Debug - SqlCe|Any CPU.Build.0 = Debug - SqlCe|Any CPU
		{8E511D65-4779-4689-82D4-811D3FE6866E}.Debug - SQLite|Any CPU.ActiveCfg = Debug - SQLite|Any CPU
		{8E511D65-4779-4689-82D4-811D3FE6866E}.Debug - SQLite|Any CPU.Build.0 = Debug - SQLite|Any CPU
		{8E511D65-4779-4689-82D4-811D3FE6866E}.Debug|Any CPU.ActiveCfg = Debug|Any CPU
		{8E511D65-4779-4689-82D4-811D3FE6866E}.Debug|Any CPU.Build.0 = Debug|Any CPU
		{8E511D65-4779-4689-82D4-811D3FE6866E}.Release - Firebird|Any CPU.ActiveCfg = Release - Firebird|Any CPU
		{8E511D65-4779-4689-82D4-811D3FE6866E}.Release - Firebird|Any CPU.Build.0 = Release - Firebird|Any CPU
		{8E511D65-4779-4689-82D4-811D3FE6866E}.Release - MySql|Any CPU.ActiveCfg = Release - MySql|Any CPU
		{8E511D65-4779-4689-82D4-811D3FE6866E}.Release - MySql|Any CPU.Build.0 = Release - MySql|Any CPU
		{8E511D65-4779-4689-82D4-811D3FE6866E}.Release - pgsql|Any CPU.ActiveCfg = Release - pgsql|Any CPU
		{8E511D65-4779-4689-82D4-811D3FE6866E}.Release - pgsql|Any CPU.Build.0 = Release - pgsql|Any CPU
		{8E511D65-4779-4689-82D4-811D3FE6866E}.Release - SqlCe|Any CPU.ActiveCfg = Release - SqlCe|Any CPU
		{8E511D65-4779-4689-82D4-811D3FE6866E}.Release - SqlCe|Any CPU.Build.0 = Release - SqlCe|Any CPU
		{8E511D65-4779-4689-82D4-811D3FE6866E}.Release - SQLite|Any CPU.ActiveCfg = Release - SQLite|Any CPU
		{8E511D65-4779-4689-82D4-811D3FE6866E}.Release - SQLite|Any CPU.Build.0 = Release - SQLite|Any CPU
		{8E511D65-4779-4689-82D4-811D3FE6866E}.Release|Any CPU.ActiveCfg = Release|Any CPU
		{8E511D65-4779-4689-82D4-811D3FE6866E}.Release|Any CPU.Build.0 = Release|Any CPU
	EndGlobalSection
	GlobalSection(SolutionProperties) = preSolution
		HideSolutionNode = FALSE
	EndGlobalSection
	GlobalSection(NestedProjects) = preSolution
		{6C181354-20D2-4ABC-BDFD-54CF562476FF} = {650A1508-A6AE-4EDD-B218-B4BD189F1DE5}
		{015DA6DA-066C-4868-828B-5622E2E0EEB2} = {650A1508-A6AE-4EDD-B218-B4BD189F1DE5}
		{B65BFD6B-FDF9-4CA1-ADDF-73EE5072B7D0} = {650A1508-A6AE-4EDD-B218-B4BD189F1DE5}
		{1F2270CE-2B6F-41EA-AEC8-41CBCE25E30D} = {650A1508-A6AE-4EDD-B218-B4BD189F1DE5}
		{6DDFE292-37AA-4A02-B2F0-BA7968A026EF} = {0DB7A68C-93C8-4EAE-BD17-732914B3D48F}
		{2FB266B5-97F0-42EB-9F42-B6A7DE749D29} = {0DB7A68C-93C8-4EAE-BD17-732914B3D48F}
		{8582D51E-126B-4D64-B080-07AD8245B38F} = {0DB7A68C-93C8-4EAE-BD17-732914B3D48F}
		{4EAD30EC-4F97-4F38-8530-1B7EDDB8FC8E} = {0DB7A68C-93C8-4EAE-BD17-732914B3D48F}
		{65849992-8F44-4480-9494-1CA0D6325795} = {0DB7A68C-93C8-4EAE-BD17-732914B3D48F}
		{30916752-1A97-49CA-95D6-81A5F784EEB5} = {0DB7A68C-93C8-4EAE-BD17-732914B3D48F}
		{E0D12031-BFDD-4069-9024-8B00A2AA6DBC} = {0DB7A68C-93C8-4EAE-BD17-732914B3D48F}
		{4F6DDA2C-C9B8-45B2-AADA-3FF922317661} = {0DB7A68C-93C8-4EAE-BD17-732914B3D48F}
		{A2DCD1E2-A5C3-4E37-A5F2-093659BC1C38} = {0DB7A68C-93C8-4EAE-BD17-732914B3D48F}
		{103F2B02-3224-48BC-B173-1F7E1C85178A} = {0DB7A68C-93C8-4EAE-BD17-732914B3D48F}
		{8E511D65-4779-4689-82D4-811D3FE6866E} = {0DB7A68C-93C8-4EAE-BD17-732914B3D48F}
	EndGlobalSection
EndGlobal
